
Microsoft Visual Studio Solution File, Format Version 12.00
# Visual Studio Version 17
VisualStudioVersion = 17.5.002.0
MinimumVisualStudioVersion = 10.0.40219.1
Project("{9A19103F-16F7-4668-BE54-9A1E7A4F7556}") = "exercise", "exercise\exercise.csproj", "{D4B6D2AE-070C-4C46-8196-8F53F59A5846}"
EndProject
Global
	GlobalSection(SolutionConfigurationPlatforms) = preSolution
		Debug|Any CPU = Debug|Any CPU
		Release|Any CPU = Release|Any CPU
	EndGlobalSection
	GlobalSection(ProjectConfigurationPlatforms) = postSolution
		{D4B6D2AE-070C-4C46-8196-8F53F59A5846}.Debug|Any CPU.ActiveCfg = Debug|Any CPU
		{D4B6D2AE-070C-4C46-8196-8F53F59A5846}.Debug|Any CPU.Build.0 = Debug|Any CPU
		{D4B6D2AE-070C-4C46-8196-8F53F59A5846}.Release|Any CPU.ActiveCfg = Release|Any CPU
		{D4B6D2AE-070C-4C46-8196-8F53F59A5846}.Release|Any CPU.Build.0 = Release|Any CPU
	EndGlobalSection
	GlobalSection(SolutionProperties) = preSolution
		HideSolutionNode = FALSE
	EndGlobalSection
	GlobalSection(ExtensibilityGlobals) = postSolution
		SolutionGuid = {ABCE60B2-29E7-4D29-AC28-DF372840914C}
	EndGlobalSection
EndGlobal
